// !$*UTF8*$!
{
	archiveVersion = 1;
	classes = {
	};
	objectVersion = 50;
	objects = {

/* Begin PBXBuildFile section */
		1D562C04255FEB88007A0A9C /* datafile.csv in Resources */ = {isa = PBXBuildFile; fileRef = 1D562C03255FEB88007A0A9C /* datafile.csv */; };
		1D562C06255FEBA3007A0A9C /* datafile.csv in CopyFiles */ = {isa = PBXBuildFile; fileRef = 1D562C03255FEB88007A0A9C /* datafile.csv */; };
		1D576796255F194000DA1124 /* Controller.swift in Sources */ = {isa = PBXBuildFile; fileRef = 1D576795255F194000DA1124 /* Controller.swift */; };
		1D69F62F255EF8C300A0CABD /* Club.swift in Sources */ = {isa = PBXBuildFile; fileRef = 1D69F62E255EF8C300A0CABD /* Club.swift */; };
		1D69F632255EF8D700A0CABD /* Match.swift in Sources */ = {isa = PBXBuildFile; fileRef = 1D69F631255EF8D700A0CABD /* Match.swift */; };
		1DF3D3A4255EA20400DC99FB /* main.swift in Sources */ = {isa = PBXBuildFile; fileRef = 1DF3D3A3255EA20400DC99FB /* main.swift */; };
		1DF3D3AC255EA32900DC99FB /* FileManager.swift in Sources */ = {isa = PBXBuildFile; fileRef = 1DF3D3AB255EA32900DC99FB /* FileManager.swift */; };
/* End PBXBuildFile section */

/* Begin PBXCopyFilesBuildPhase section */
		1D7148FB255FD4940013A640 /* CopyFiles */ = {
			isa = PBXCopyFilesBuildPhase;
			buildActionMask = 2147483647;
			dstPath = "";
			dstSubfolderSpec = 16;
			files = (
				1D562C06255FEBA3007A0A9C /* datafile.csv in CopyFiles */,
			);
			runOnlyForDeploymentPostprocessing = 0;
		};
/* End PBXCopyFilesBuildPhase section */

/* Begin PBXFileReference section */
		1D562C03255FEB88007A0A9C /* datafile.csv */ = {isa = PBXFileReference; fileEncoding = 4; lastKnownFileType = text; path = datafile.csv; sourceTree = "<group>"; };
		1D576795255F194000DA1124 /* Controller.swift */ = {isa = PBXFileReference; lastKnownFileType = sourcecode.swift; path = Controller.swift; sourceTree = "<group>"; };
		1D69F62E255EF8C300A0CABD /* Club.swift */ = {isa = PBXFileReference; lastKnownFileType = sourcecode.swift; path = Club.swift; sourceTree = "<group>"; };
		1D69F631255EF8D700A0CABD /* Match.swift */ = {isa = PBXFileReference; lastKnownFileType = sourcecode.swift; path = Match.swift; sourceTree = "<group>"; };
		1DF3D3A0255EA20400DC99FB /* Assigment1_IOS */ = {isa = PBXFileReference; explicitFileType = "compiled.mach-o.executable"; includeInIndex = 0; path = Assigment1_IOS; sourceTree = BUILT_PRODUCTS_DIR; };
		1DF3D3A3255EA20400DC99FB /* main.swift */ = {isa = PBXFileReference; lastKnownFileType = sourcecode.swift; path = main.swift; sourceTree = "<group>"; };
		1DF3D3AB255EA32900DC99FB /* FileManager.swift */ = {isa = PBXFileReference; lastKnownFileType = sourcecode.swift; path = FileManager.swift; sourceTree = "<group>"; };
/* End PBXFileReference section */

/* Begin PBXFrameworksBuildPhase section */
		1DF3D39D255EA20400DC99FB /* Frameworks */ = {
			isa = PBXFrameworksBuildPhase;
			buildActionMask = 2147483647;
			files = (
			);
			runOnlyForDeploymentPostprocessing = 0;
		};
/* End PBXFrameworksBuildPhase section */

/* Begin PBXGroup section */
		1DF3D397255EA20400DC99FB = {
			isa = PBXGroup;
			children = (
				1D562C03255FEB88007A0A9C /* datafile.csv */,
				1DF3D3A2255EA20400DC99FB /* Assigment1_IOS */,
				1DF3D3A1255EA20400DC99FB /* Products */,
			);
			sourceTree = "<group>";
		};
		1DF3D3A1255EA20400DC99FB /* Products */ = {
			isa = PBXGroup;
			children = (
				1DF3D3A0255EA20400DC99FB /* Assigment1_IOS */,
			);
			name = Products;
			sourceTree = "<group>";
		};
		1DF3D3A2255EA20400DC99FB /* Assigment1_IOS */ = {
			isa = PBXGroup;
			children = (
				1DF3D3A3255EA20400DC99FB /* main.swift */,
				1DF3D3AB255EA32900DC99FB /* FileManager.swift */,
				1D69F62E255EF8C300A0CABD /* Club.swift */,
				1D69F631255EF8D700A0CABD /* Match.swift */,
				1D576795255F194000DA1124 /* Controller.swift */,
			);
			path = Assigment1_IOS;
			sourceTree = "<group>";
		};
/* End PBXGroup section */

/* Begin PBXNativeTarget section */
		1DF3D39F255EA20400DC99FB /* Assigment1_IOS */ = {
			isa = PBXNativeTarget;
			buildConfigurationList = 1DF3D3A7255EA20400DC99FB /* Build configuration list for PBXNativeTarget "Assigment1_IOS" */;
			buildPhases = (
				1DF3D39C255EA20400DC99FB /* Sources */,
				1DF3D39D255EA20400DC99FB /* Frameworks */,
				1D7148EA255FD2000013A640 /* Resources */,
				1D7148FB255FD4940013A640 /* CopyFiles */,
			);
			buildRules = (
			);
			dependencies = (
			);
			name = Assigment1_IOS;
			productName = Assigment1_IOS;
			productReference = 1DF3D3A0255EA20400DC99FB /* Assigment1_IOS */;
			productType = "com.apple.product-type.tool";
		};
/* End PBXNativeTarget section */

/* Begin PBXProject section */
		1DF3D398255EA20400DC99FB /* Project object */ = {
			isa = PBXProject;
			attributes = {
				LastSwiftUpdateCheck = 1210;
				LastUpgradeCheck = 1210;
				TargetAttributes = {
					1DF3D39F255EA20400DC99FB = {
						CreatedOnToolsVersion = 12.1;
					};
				};
			};
			buildConfigurationList = 1DF3D39B255EA20400DC99FB /* Build configuration list for PBXProject "Assigment1_IOS" */;
			compatibilityVersion = "Xcode 9.3";
			developmentRegion = en;
			hasScannedForEncodings = 0;
			knownRegions = (
				en,
				Base,
			);
			mainGroup = 1DF3D397255EA20400DC99FB;
			productRefGroup = 1DF3D3A1255EA20400DC99FB /* Products */;
			projectDirPath = "";
			projectRoot = "";
			targets = (
				1DF3D39F255EA20400DC99FB /* Assigment1_IOS */,
			);
		};
/* End PBXProject section */

/* Begin PBXResourcesBuildPhase section */
		1D7148EA255FD2000013A640 /* Resources */ = {
			isa = PBXResourcesBuildPhase;
			buildActionMask = 2147483647;
			files = (
				1D562C04255FEB88007A0A9C /* datafile.csv in Resources */,
			);
			runOnlyForDeploymentPostprocessing = 0;
		};
/* End PBXResourcesBuildPhase section */

/* Begin PBXSourcesBuildPhase section */
		1DF3D39C255EA20400DC99FB /* Sources */ = {
			isa = PBXSourcesBuildPhase;
			buildActionMask = 2147483647;
			files = (
				1D576796255F194000DA1124 /* Controller.swift in Sources */,
				1DF3D3A4255EA20400DC99FB /* main.swift in Sources */,
				1D69F62F255EF8C300A0CABD /* Club.swift in Sources */,
				1DF3D3AC255EA32900DC99FB /* FileManager.swift in Sources */,
				1D69F632255EF8D700A0CABD /* Match.swift in Sources */,
			);
			runOnlyForDeploymentPostprocessing = 0;
		};
/* End PBXSourcesBuildPhase section */

/* Begin XCBuildConfiguration section */
		1DF3D3A5255EA20400DC99FB /* Debug */ = {
			isa = XCBuildConfiguration;
			buildSettings = {
				ALWAYS_SEARCH_USER_PATHS = NO;
				CLANG_ANALYZER_NONNULL = YES;
				CLANG_ANALYZER_NUMBER_OBJECT_CONVERSION = YES_AGGRESSIVE;
				CLANG_CXX_LANGUAGE_STANDARD = "gnu++14";
				CLANG_CXX_LIBRARY = "libc++";
				CLANG_ENABLE_MODULES = YES;
				CLANG_ENABLE_OBJC_ARC = YES;
				CLANG_ENABLE_OBJC_WEAK = YES;
				CLANG_WARN_BLOCK_CAPTURE_AUTORELEASING = YES;
				CLANG_WARN_BOOL_CONVERSION = YES;
				CLANG_WARN_COMMA = YES;
				CLANG_WARN_CONSTANT_CONVERSION = YES;
				CLANG_WARN_DEPRECATED_OBJC_IMPLEMENTATIONS = YES;
				CLANG_WARN_DIRECT_OBJC_ISA_USAGE = YES_ERROR;
				CLANG_WARN_DOCUMENTATION_COMMENTS = YES;
				CLANG_WARN_EMPTY_BODY = YES;
				CLANG_WARN_ENUM_CONVERSION = YES;
				CLANG_WARN_INFINITE_RECURSION = YES;
				CLANG_WARN_INT_CONVERSION = YES;
				CLANG_WARN_NON_LITERAL_NULL_CONVERSION = YES;
				CLANG_WARN_OBJC_IMPLICIT_RETAIN_SELF = YES;
				CLANG_WARN_OBJC_LITERAL_CONVERSION = YES;
				CLANG_WARN_OBJC_ROOT_CLASS = YES_ERROR;
				CLANG_WARN_QUOTED_INCLUDE_IN_FRAMEWORK_HEADER = YES;
				CLANG_WARN_RANGE_LOOP_ANALYSIS = YES;
				CLANG_WARN_STRICT_PROTOTYPES = YES;
				CLANG_WARN_SUSPICIOUS_MOVE = YES;
				CLANG_WARN_UNGUARDED_AVAILABILITY = YES_AGGRESSIVE;
				CLANG_WARN_UNREACHABLE_CODE = YES;
				CLANG_WARN__DUPLICATE_METHOD_MATCH = YES;
				COPY_PHASE_STRIP = NO;
				DEBUG_INFORMATION_FORMAT = dwarf;
				ENABLE_STRICT_OBJC_MSGSEND = YES;
				ENABLE_TESTABILITY = YES;
				GCC_C_LANGUAGE_STANDARD = gnu11;
				GCC_DYNAMIC_NO_PIC = NO;
				GCC_NO_COMMON_BLOCKS = YES;
				GCC_OPTIMIZATION_LEVEL = 0;
				GCC_PREPROCESSOR_DEFINITIONS = (
					"DEBUG=1",
					"$(inherited)",
				);
				GCC_WARN_64_TO_32_BIT_CONVERSION = YES;
				GCC_WARN_ABOUT_RETURN_TYPE = YES_ERROR;
				GCC_WARN_UNDECLARED_SELECTOR = YES;
				GCC_WARN_UNINITIALIZED_AUTOS = YES_AGGRESSIVE;
				GCC_WARN_UNUSED_FUNCTION = YES;
				GCC_WARN_UNUSED_VARIABLE = YES;
				MACOSX_DEPLOYMENT_TARGET = 10.15;
				MTL_ENABLE_DEBUG_INFO = INCLUDE_SOURCE;
				MTL_FAST_MATH = YES;
				NEW_SETTING = "";
				ONLY_ACTIVE_ARCH = YES;
				SDKROOT = macosx;
				SWIFT_ACTIVE_COMPILATION_CONDITIONS = DEBUG;
				SWIFT_OPTIMIZATION_LEVEL = "-Onone";
			};
			name = Debug;
		};
		1DF3D3A6255EA20400DC99FB /* Release */ = {
			isa = XCBuildConfiguration;
			buildSettings = {
				ALWAYS_SEARCH_USER_PATHS = NO;
				CLANG_ANALYZER_NONNULL = YES;
				CLANG_ANALYZER_NUMBER_OBJECT_CONVERSION = YES_AGGRESSIVE;
				CLANG_CXX_LANGUAGE_STANDARD = "gnu++14";
				CLANG_CXX_LIBRARY = "libc++";
				CLANG_ENABLE_MODULES = YES;
				CLANG_ENABLE_OBJC_ARC = YES;
				CLANG_ENABLE_OBJC_WEAK = YES;
				CLANG_WARN_BLOCK_CAPTURE_AUTORELEASING = YES;
				CLANG_WARN_BOOL_CONVERSION = YES;
				CLANG_WARN_COMMA = YES;
				CLANG_WARN_CONSTANT_CONVERSION = YES;
				CLANG_WARN_DEPRECATED_OBJC_IMPLEMENTATIONS = YES;
				CLANG_WARN_DIRECT_OBJC_ISA_USAGE = YES_ERROR;
				CLANG_WARN_DOCUMENTATION_COMMENTS = YES;
				CLANG_WARN_EMPTY_BODY = YES;
				CLANG_WARN_ENUM_CONVERSION = YES;
				CLANG_WARN_INFINITE_RECURSION = YES;
				CLANG_WARN_INT_CONVERSION = YES;
				CLANG_WARN_NON_LITERAL_NULL_CONVERSION = YES;
				CLANG_WARN_OBJC_IMPLICIT_RETAIN_SELF = YES;
				CLANG_WARN_OBJC_LITERAL_CONVERSION = YES;
				CLANG_WARN_OBJC_ROOT_CLASS = YES_ERROR;
				CLANG_WARN_QUOTED_INCLUDE_IN_FRAMEWORK_HEADER = YES;
				CLANG_WARN_RANGE_LOOP_ANALYSIS = YES;
				CLANG_WARN_STRICT_PROTOTYPES = YES;
				CLANG_WARN_SUSPICIOUS_MOVE = YES;
				CLANG_WARN_UNGUARDED_AVAILABILITY = YES_AGGRESSIVE;
				CLANG_WARN_UNREACHABLE_CODE = YES;
				CLANG_WARN__DUPLICATE_METHOD_MATCH = YES;
				COPY_PHASE_STRIP = NO;
				DEBUG_INFORMATION_FORMAT = "dwarf-with-dsym";
				ENABLE_NS_ASSERTIONS = NO;
				ENABLE_STRICT_OBJC_MSGSEND = YES;
				GCC_C_LANGUAGE_STANDARD = gnu11;
				GCC_NO_COMMON_BLOCKS = YES;
				GCC_WARN_64_TO_32_BIT_CONVERSION = YES;
				GCC_WARN_ABOUT_RETURN_TYPE = YES_ERROR;
				GCC_WARN_UNDECLARED_SELECTOR = YES;
				GCC_WARN_UNINITIALIZED_AUTOS = YES_AGGRESSIVE;
				GCC_WARN_UNUSED_FUNCTION = YES;
				GCC_WARN_UNUSED_VARIABLE = YES;
				MACOSX_DEPLOYMENT_TARGET = 10.15;
				MTL_ENABLE_DEBUG_INFO = NO;
				MTL_FAST_MATH = YES;
				NEW_SETTING = "";
				SDKROOT = macosx;
				SWIFT_COMPILATION_MODE = wholemodule;
				SWIFT_OPTIMIZATION_LEVEL = "-O";
			};
			name = Release;
		};
		1DF3D3A8255EA20400DC99FB /* Debug */ = {
			isa = XCBuildConfiguration;
			buildSettings = {
				CODE_SIGN_STYLE = Automatic;
				PRODUCT_NAME = "$(TARGET_NAME)";
				SWIFT_VERSION = 5.0;
			};
			name = Debug;
		};
		1DF3D3A9255EA20400DC99FB /* Release */ = {
			isa = XCBuildConfiguration;
			buildSettings = {
				CODE_SIGN_STYLE = Automatic;
				PRODUCT_NAME = "$(TARGET_NAME)";
				SWIFT_VERSION = 5.0;
			};
			name = Release;
		};
/* End XCBuildConfiguration section */

/* Begin XCConfigurationList section */
		1DF3D39B255EA20400DC99FB /* Build configuration list for PBXProject "Assigment1_IOS" */ = {
			isa = XCConfigurationList;
			buildConfigurations = (
				1DF3D3A5255EA20400DC99FB /* Debug */,
				1DF3D3A6255EA20400DC99FB /* Release */,
			);
			defaultConfigurationIsVisible = 0;
			defaultConfigurationName = Release;
		};
		1DF3D3A7255EA20400DC99FB /* Build configuration list for PBXNativeTarget "Assigment1_IOS" */ = {
			isa = XCConfigurationList;
			buildConfigurations = (
				1DF3D3A8255EA20400DC99FB /* Debug */,
				1DF3D3A9255EA20400DC99FB /* Release */,
			);
			defaultConfigurationIsVisible = 0;
			defaultConfigurationName = Release;
		};
/* End XCConfigurationList section */
	};
	rootObject = 1DF3D398255EA20400DC99FB /* Project object */;
}
